
Microsoft Visual Studio Solution File, Format Version 12.00
# Visual Studio Version 17
VisualStudioVersion = 17.9.34728.123
MinimumVisualStudioVersion = 10.0.40219.1
Project("{FAE04EC0-301F-11D3-BF4B-00C04F79EFBC}") = "tarea_3", "tarea_3\tarea_3.csproj", "{6F6154ED-6A1D-4661-9534-1F76D2FE6EC5}"
EndProject
Global
	GlobalSection(SolutionConfigurationPlatforms) = preSolution
		Debug|Any CPU = Debug|Any CPU
		Release|Any CPU = Release|Any CPU
	EndGlobalSection
	GlobalSection(ProjectConfigurationPlatforms) = postSolution
		{6F6154ED-6A1D-4661-9534-1F76D2FE6EC5}.Debug|Any CPU.ActiveCfg = Debug|Any CPU
		{6F6154ED-6A1D-4661-9534-1F76D2FE6EC5}.Debug|Any CPU.Build.0 = Debug|Any CPU
		{6F6154ED-6A1D-4661-9534-1F76D2FE6EC5}.Release|Any CPU.ActiveCfg = Release|Any CPU
		{6F6154ED-6A1D-4661-9534-1F76D2FE6EC5}.Release|Any CPU.Build.0 = Release|Any CPU
	EndGlobalSection
	GlobalSection(SolutionProperties) = preSolution
		HideSolutionNode = FALSE
	EndGlobalSection
	GlobalSection(ExtensibilityGlobals) = postSolution
		SolutionGuid = {998C3B32-35E1-4526-9C74-BB66CAD459A7}
	EndGlobalSection
EndGlobal
