
Microsoft Visual Studio Solution File, Format Version 12.00
# Visual Studio Version 17
VisualStudioVersion = 17.5.002.0
MinimumVisualStudioVersion = 10.0.40219.1
Project("{9A19103F-16F7-4668-BE54-9A1E7A4F7556}") = "Classes-App", "Classes-App\Classes-App.csproj", "{BD493311-A24E-4D22-B0F9-7BCFBCB35F63}"
EndProject
Global
	GlobalSection(SolutionConfigurationPlatforms) = preSolution
		Debug|Any CPU = Debug|Any CPU
		Release|Any CPU = Release|Any CPU
	EndGlobalSection
	GlobalSection(ProjectConfigurationPlatforms) = postSolution
		{BD493311-A24E-4D22-B0F9-7BCFBCB35F63}.Debug|Any CPU.ActiveCfg = Debug|Any CPU
		{BD493311-A24E-4D22-B0F9-7BCFBCB35F63}.Debug|Any CPU.Build.0 = Debug|Any CPU
		{BD493311-A24E-4D22-B0F9-7BCFBCB35F63}.Release|Any CPU.ActiveCfg = Release|Any CPU
		{BD493311-A24E-4D22-B0F9-7BCFBCB35F63}.Release|Any CPU.Build.0 = Release|Any CPU
	EndGlobalSection
	GlobalSection(SolutionProperties) = preSolution
		HideSolutionNode = FALSE
	EndGlobalSection
	GlobalSection(ExtensibilityGlobals) = postSolution
		SolutionGuid = {2B34E66B-8132-4EB7-9575-17CD75A87878}
	EndGlobalSection
EndGlobal
