
Microsoft Visual Studio Solution File, Format Version 12.00
# Visual Studio Version 17
VisualStudioVersion = 17.5.002.0
MinimumVisualStudioVersion = 10.0.40219.1
Project("{9A19103F-16F7-4668-BE54-9A1E7A4F7556}") = "tarea4", "tarea4.csproj", "{901C5166-548E-48B0-91AC-5C213C488F41}"
EndProject
Global
	GlobalSection(SolutionConfigurationPlatforms) = preSolution
		Debug|Any CPU = Debug|Any CPU
		Release|Any CPU = Release|Any CPU
	EndGlobalSection
	GlobalSection(ProjectConfigurationPlatforms) = postSolution
		{901C5166-548E-48B0-91AC-5C213C488F41}.Debug|Any CPU.ActiveCfg = Debug|Any CPU
		{901C5166-548E-48B0-91AC-5C213C488F41}.Debug|Any CPU.Build.0 = Debug|Any CPU
		{901C5166-548E-48B0-91AC-5C213C488F41}.Release|Any CPU.ActiveCfg = Release|Any CPU
		{901C5166-548E-48B0-91AC-5C213C488F41}.Release|Any CPU.Build.0 = Release|Any CPU
	EndGlobalSection
	GlobalSection(SolutionProperties) = preSolution
		HideSolutionNode = FALSE
	EndGlobalSection
	GlobalSection(ExtensibilityGlobals) = postSolution
		SolutionGuid = {36FC309A-A33E-4584-9F72-61FE5BDA1546}
	EndGlobalSection
EndGlobal
