
Microsoft Visual Studio Solution File, Format Version 12.00
# Visual Studio Version 17
VisualStudioVersion = 17.5.002.0
MinimumVisualStudioVersion = 10.0.40219.1
Project("{2150E333-8FDC-42A3-9474-1A3956D46DE8}") = "Jorge Colindres", "Jorge Colindres", "{CFC4AF03-49EA-4748-8824-1BC0DFDD3282}"
EndProject
Project("{9A19103F-16F7-4668-BE54-9A1E7A4F7556}") = "Palindrome-app", "Jorge Colindres\Palindrome-app\Palindrome-app.csproj", "{696EA5A2-8FA4-4EDD-9441-FD388924DA63}"
EndProject
Global
	GlobalSection(SolutionConfigurationPlatforms) = preSolution
		Debug|Any CPU = Debug|Any CPU
		Release|Any CPU = Release|Any CPU
	EndGlobalSection
	GlobalSection(ProjectConfigurationPlatforms) = postSolution
		{696EA5A2-8FA4-4EDD-9441-FD388924DA63}.Debug|Any CPU.ActiveCfg = Debug|Any CPU
		{696EA5A2-8FA4-4EDD-9441-FD388924DA63}.Debug|Any CPU.Build.0 = Debug|Any CPU
		{696EA5A2-8FA4-4EDD-9441-FD388924DA63}.Release|Any CPU.ActiveCfg = Release|Any CPU
		{696EA5A2-8FA4-4EDD-9441-FD388924DA63}.Release|Any CPU.Build.0 = Release|Any CPU
	EndGlobalSection
	GlobalSection(SolutionProperties) = preSolution
		HideSolutionNode = FALSE
	EndGlobalSection
	GlobalSection(NestedProjects) = preSolution
		{696EA5A2-8FA4-4EDD-9441-FD388924DA63} = {CFC4AF03-49EA-4748-8824-1BC0DFDD3282}
	EndGlobalSection
	GlobalSection(ExtensibilityGlobals) = postSolution
		SolutionGuid = {B6103BF3-EC6C-494A-978B-8C4FD1DAEC14}
	EndGlobalSection
EndGlobal
