
Microsoft Visual Studio Solution File, Format Version 12.00
# Visual Studio Version 17
VisualStudioVersion = 17.9.34728.123
MinimumVisualStudioVersion = 10.0.40219.1
Project("{FAE04EC0-301F-11D3-BF4B-00C04F79EFBC}") = "Palindrome Pablo Del Cid #3", "Palindrome Pablo Del Cid #3\Palindrome Pablo Del Cid #3.csproj", "{F1F6F9C5-DD90-44BF-8274-947C42841654}"
EndProject
Global
	GlobalSection(SolutionConfigurationPlatforms) = preSolution
		Debug|Any CPU = Debug|Any CPU
		Release|Any CPU = Release|Any CPU
	EndGlobalSection
	GlobalSection(ProjectConfigurationPlatforms) = postSolution
		{F1F6F9C5-DD90-44BF-8274-947C42841654}.Debug|Any CPU.ActiveCfg = Debug|Any CPU
		{F1F6F9C5-DD90-44BF-8274-947C42841654}.Debug|Any CPU.Build.0 = Debug|Any CPU
		{F1F6F9C5-DD90-44BF-8274-947C42841654}.Release|Any CPU.ActiveCfg = Release|Any CPU
		{F1F6F9C5-DD90-44BF-8274-947C42841654}.Release|Any CPU.Build.0 = Release|Any CPU
	EndGlobalSection
	GlobalSection(SolutionProperties) = preSolution
		HideSolutionNode = FALSE
	EndGlobalSection
	GlobalSection(ExtensibilityGlobals) = postSolution
		SolutionGuid = {90B5EA4B-6690-4227-A3B6-346DF1411442}
	EndGlobalSection
EndGlobal
