
Microsoft Visual Studio Solution File, Format Version 12.00
# Visual Studio Version 17
VisualStudioVersion = 17.9.34728.123
MinimumVisualStudioVersion = 10.0.40219.1
Project("{FAE04EC0-301F-11D3-BF4B-00C04F79EFBC}") = "TablaDeMultiplicar", "TablaDeMultiplicar.csproj", "{8B5895F3-BFA4-414D-8087-64497F130ECE}"
EndProject
Global
	GlobalSection(SolutionConfigurationPlatforms) = preSolution
		Debug|Any CPU = Debug|Any CPU
		Release|Any CPU = Release|Any CPU
	EndGlobalSection
	GlobalSection(ProjectConfigurationPlatforms) = postSolution
		{8B5895F3-BFA4-414D-8087-64497F130ECE}.Debug|Any CPU.ActiveCfg = Debug|Any CPU
		{8B5895F3-BFA4-414D-8087-64497F130ECE}.Debug|Any CPU.Build.0 = Debug|Any CPU
		{8B5895F3-BFA4-414D-8087-64497F130ECE}.Release|Any CPU.ActiveCfg = Release|Any CPU
		{8B5895F3-BFA4-414D-8087-64497F130ECE}.Release|Any CPU.Build.0 = Release|Any CPU
	EndGlobalSection
	GlobalSection(SolutionProperties) = preSolution
		HideSolutionNode = FALSE
	EndGlobalSection
	GlobalSection(ExtensibilityGlobals) = postSolution
		SolutionGuid = {D6628A92-FE6D-4326-B84F-BFDFC9850CEA}
	EndGlobalSection
EndGlobal
