
Microsoft Visual Studio Solution File, Format Version 12.00
# Visual Studio Version 17
VisualStudioVersion = 17.5.002.0
MinimumVisualStudioVersion = 10.0.40219.1
Project("{2150E333-8FDC-42A3-9474-1A3956D46DE8}") = "Classes", "Classes", "{972A798B-3856-4357-A82B-5C1BDE7E33CE}"
EndProject
Project("{9A19103F-16F7-4668-BE54-9A1E7A4F7556}") = "Defining", "Classes\Defining\Defining.csproj", "{7E2DD442-A144-4F9E-AD88-E35F61FE3854}"
EndProject
Project("{9A19103F-16F7-4668-BE54-9A1E7A4F7556}") = "Inheritance", "Classes\Inheritance\Inheritance.csproj", "{84F7A8F8-64FC-42F4-B329-69C79804DC18}"
EndProject
Project("{9A19103F-16F7-4668-BE54-9A1E7A4F7556}") = "Modifiers", "Classes\Modifiers\Modifiers.csproj", "{38D95A0F-4BFA-4EC8-AB96-3A752A27A865}"
EndProject
Project("{9A19103F-16F7-4668-BE54-9A1E7A4F7556}") = "Properties", "Classes\Properties\Properties.csproj", "{90D4EE64-CA8B-40E8-BECE-9A5252129D6C}"
EndProject
Project("{9A19103F-16F7-4668-BE54-9A1E7A4F7556}") = "StringRep", "Classes\StringRep\StringRep.csproj", "{1470C4BD-CE11-497C-8DFA-3E0507877040}"
EndProject
Project("{2150E333-8FDC-42A3-9474-1A3956D46DE8}") = "Functions", "Functions", "{A00B878D-BB94-4FCA-BA44-4EDE54041307}"
EndProject
Project("{9A19103F-16F7-4668-BE54-9A1E7A4F7556}") = "Basics", "Functions\Basics\Basics.csproj", "{783D1B63-E818-4565-957E-D3BBFF3E7C51}"
EndProject
Project("{9A19103F-16F7-4668-BE54-9A1E7A4F7556}") = "Params", "Functions\DefaultParams\Params.csproj", "{EC52141E-20D7-4751-9B90-6D57937BD55D}"
EndProject
Project("{9A19103F-16F7-4668-BE54-9A1E7A4F7556}") = "Ejercicio", "Functions\Ejercicio\Ejercicio.csproj", "{AF37DBA9-D3EB-4AB7-B39D-972F413CDFB0}"
EndProject
Project("{9A19103F-16F7-4668-BE54-9A1E7A4F7556}") = "MultiValues", "Functions\MultiValues\MultiValues.csproj", "{DB607B5F-C79B-445E-A0CD-39DCDB824E79}"
EndProject
Project("{9A19103F-16F7-4668-BE54-9A1E7A4F7556}") = "RefAndOut", "Functions\RefAndOutParams\RefAndOut.csproj", "{CE860CAC-DAC2-4462-B6E6-3C80840F3866}"
EndProject
Project("{2150E333-8FDC-42A3-9474-1A3956D46DE8}") = "Overview", "Overview", "{CAF50DA9-A6ED-47FB-8813-D051CF2DEFB9}"
EndProject
Project("{9A19103F-16F7-4668-BE54-9A1E7A4F7556}") = "Comments", "Overview\Comments\Comments.csproj", "{CD03B422-202B-4F27-A081-E2D8FB5D9308}"
EndProject
Project("{9A19103F-16F7-4668-BE54-9A1E7A4F7556}") = "HelloWorld", "Overview\HelloWorld\HelloWorld.csproj", "{990DEA1A-EB8B-40A1-B8B6-67AA67B252FF}"
EndProject
Project("{9A19103F-16F7-4668-BE54-9A1E7A4F7556}") = "Operators", "Overview\Operators\Operators.csproj", "{FC950AC9-820A-4457-B6AF-11D4E8CD036D}"
EndProject
Project("{9A19103F-16F7-4668-BE54-9A1E7A4F7556}") = "VarsAndData", "Overview\VarsAndData\VarsAndData.csproj", "{2E818BA7-30BB-4A12-A1B9-A7323429DB89}"
EndProject
Project("{2150E333-8FDC-42A3-9474-1A3956D46DE8}") = "Program FLow", "Program FLow", "{941EC20A-8801-4919-8830-DDDA2FF1761F}"
EndProject
Project("{9A19103F-16F7-4668-BE54-9A1E7A4F7556}") = "BreakContinue", "Program FLow\BreakContinue\BreakContinue.csproj", "{242EB398-3AFA-4F0B-A5EC-7C94962B22B9}"
EndProject
Project("{9A19103F-16F7-4668-BE54-9A1E7A4F7556}") = "Conditionals", "Program FLow\Conditional-if\Conditionals.csproj", "{2966071D-013E-40FC-B887-EB13479CE6B1}"
EndProject
Project("{9A19103F-16F7-4668-BE54-9A1E7A4F7556}") = "ConditionalOps", "Program FLow\Conditional-switch\ConditionalOps.csproj", "{C1CAF759-D09D-4FB4-A8BE-CC3CF8F9BC35}"
EndProject
Project("{9A19103F-16F7-4668-BE54-9A1E7A4F7556}") = "Exceptions", "Program FLow\Exceptions\Exceptions.csproj", "{CBA9E18A-8963-48AE-8909-0D2BD41349F7}"
EndProject
Project("{9A19103F-16F7-4668-BE54-9A1E7A4F7556}") = "ForLoops", "Program FLow\ForLoops\ForLoops.csproj", "{C8A6035E-F2CC-4F8C-865F-6929C355FA75}"
EndProject
Project("{9A19103F-16F7-4668-BE54-9A1E7A4F7556}") = "WhileLoops", "Program FLow\WhileLoops\WhileLoops.csproj", "{F96F564F-E94B-4EDB-B14A-049DD3724F73}"
EndProject
Project("{2150E333-8FDC-42A3-9474-1A3956D46DE8}") = "Strings", "Strings", "{02707B5A-3480-400F-A02C-D66CFC586D47}"
EndProject
Project("{9A19103F-16F7-4668-BE54-9A1E7A4F7556}") = "Builder", "Strings\Builder\Builder.csproj", "{7BC9ADE5-C4A2-41A6-9BF7-6D9FC8BB6B2E}"
EndProject
Project("{9A19103F-16F7-4668-BE54-9A1E7A4F7556}") = "Formatting", "Strings\Formatting\Formatting.csproj", "{D535E2E7-DE7A-48B9-8FDA-2428F655111E}"
EndProject
Project("{9A19103F-16F7-4668-BE54-9A1E7A4F7556}") = "Strings", "Strings\Interpolation\Strings.csproj", "{BD1A7215-AF86-4EB3-837D-02B81DD28CFB}"
EndProject
Project("{9A19103F-16F7-4668-BE54-9A1E7A4F7556}") = "Operations", "Strings\Operations\Operations.csproj", "{95FC96CA-1964-49DC-A51E-48A6163BE2F7}"
EndProject
Project("{9A19103F-16F7-4668-BE54-9A1E7A4F7556}") = "Parsing", "Strings\Parsing\Parsing.csproj", "{95C72EDA-BFD3-4267-8AAD-F0D8C7FDE4AD}"
EndProject
Global
	GlobalSection(SolutionConfigurationPlatforms) = preSolution
		Debug|Any CPU = Debug|Any CPU
		Release|Any CPU = Release|Any CPU
	EndGlobalSection
	GlobalSection(ProjectConfigurationPlatforms) = postSolution
		{7E2DD442-A144-4F9E-AD88-E35F61FE3854}.Debug|Any CPU.ActiveCfg = Debug|Any CPU
		{7E2DD442-A144-4F9E-AD88-E35F61FE3854}.Debug|Any CPU.Build.0 = Debug|Any CPU
		{7E2DD442-A144-4F9E-AD88-E35F61FE3854}.Release|Any CPU.ActiveCfg = Release|Any CPU
		{7E2DD442-A144-4F9E-AD88-E35F61FE3854}.Release|Any CPU.Build.0 = Release|Any CPU
		{84F7A8F8-64FC-42F4-B329-69C79804DC18}.Debug|Any CPU.ActiveCfg = Debug|Any CPU
		{84F7A8F8-64FC-42F4-B329-69C79804DC18}.Debug|Any CPU.Build.0 = Debug|Any CPU
		{84F7A8F8-64FC-42F4-B329-69C79804DC18}.Release|Any CPU.ActiveCfg = Release|Any CPU
		{84F7A8F8-64FC-42F4-B329-69C79804DC18}.Release|Any CPU.Build.0 = Release|Any CPU
		{38D95A0F-4BFA-4EC8-AB96-3A752A27A865}.Debug|Any CPU.ActiveCfg = Debug|Any CPU
		{38D95A0F-4BFA-4EC8-AB96-3A752A27A865}.Debug|Any CPU.Build.0 = Debug|Any CPU
		{38D95A0F-4BFA-4EC8-AB96-3A752A27A865}.Release|Any CPU.ActiveCfg = Release|Any CPU
		{38D95A0F-4BFA-4EC8-AB96-3A752A27A865}.Release|Any CPU.Build.0 = Release|Any CPU
		{90D4EE64-CA8B-40E8-BECE-9A5252129D6C}.Debug|Any CPU.ActiveCfg = Debug|Any CPU
		{90D4EE64-CA8B-40E8-BECE-9A5252129D6C}.Debug|Any CPU.Build.0 = Debug|Any CPU
		{90D4EE64-CA8B-40E8-BECE-9A5252129D6C}.Release|Any CPU.ActiveCfg = Release|Any CPU
		{90D4EE64-CA8B-40E8-BECE-9A5252129D6C}.Release|Any CPU.Build.0 = Release|Any CPU
		{1470C4BD-CE11-497C-8DFA-3E0507877040}.Debug|Any CPU.ActiveCfg = Debug|Any CPU
		{1470C4BD-CE11-497C-8DFA-3E0507877040}.Debug|Any CPU.Build.0 = Debug|Any CPU
		{1470C4BD-CE11-497C-8DFA-3E0507877040}.Release|Any CPU.ActiveCfg = Release|Any CPU
		{1470C4BD-CE11-497C-8DFA-3E0507877040}.Release|Any CPU.Build.0 = Release|Any CPU
		{783D1B63-E818-4565-957E-D3BBFF3E7C51}.Debug|Any CPU.ActiveCfg = Debug|Any CPU
		{783D1B63-E818-4565-957E-D3BBFF3E7C51}.Debug|Any CPU.Build.0 = Debug|Any CPU
		{783D1B63-E818-4565-957E-D3BBFF3E7C51}.Release|Any CPU.ActiveCfg = Release|Any CPU
		{783D1B63-E818-4565-957E-D3BBFF3E7C51}.Release|Any CPU.Build.0 = Release|Any CPU
		{EC52141E-20D7-4751-9B90-6D57937BD55D}.Debug|Any CPU.ActiveCfg = Debug|Any CPU
		{EC52141E-20D7-4751-9B90-6D57937BD55D}.Debug|Any CPU.Build.0 = Debug|Any CPU
		{EC52141E-20D7-4751-9B90-6D57937BD55D}.Release|Any CPU.ActiveCfg = Release|Any CPU
		{EC52141E-20D7-4751-9B90-6D57937BD55D}.Release|Any CPU.Build.0 = Release|Any CPU
		{AF37DBA9-D3EB-4AB7-B39D-972F413CDFB0}.Debug|Any CPU.ActiveCfg = Debug|Any CPU
		{AF37DBA9-D3EB-4AB7-B39D-972F413CDFB0}.Debug|Any CPU.Build.0 = Debug|Any CPU
		{AF37DBA9-D3EB-4AB7-B39D-972F413CDFB0}.Release|Any CPU.ActiveCfg = Release|Any CPU
		{AF37DBA9-D3EB-4AB7-B39D-972F413CDFB0}.Release|Any CPU.Build.0 = Release|Any CPU
		{DB607B5F-C79B-445E-A0CD-39DCDB824E79}.Debug|Any CPU.ActiveCfg = Debug|Any CPU
		{DB607B5F-C79B-445E-A0CD-39DCDB824E79}.Debug|Any CPU.Build.0 = Debug|Any CPU
		{DB607B5F-C79B-445E-A0CD-39DCDB824E79}.Release|Any CPU.ActiveCfg = Release|Any CPU
		{DB607B5F-C79B-445E-A0CD-39DCDB824E79}.Release|Any CPU.Build.0 = Release|Any CPU
		{CE860CAC-DAC2-4462-B6E6-3C80840F3866}.Debug|Any CPU.ActiveCfg = Debug|Any CPU
		{CE860CAC-DAC2-4462-B6E6-3C80840F3866}.Debug|Any CPU.Build.0 = Debug|Any CPU
		{CE860CAC-DAC2-4462-B6E6-3C80840F3866}.Release|Any CPU.ActiveCfg = Release|Any CPU
		{CE860CAC-DAC2-4462-B6E6-3C80840F3866}.Release|Any CPU.Build.0 = Release|Any CPU
		{CD03B422-202B-4F27-A081-E2D8FB5D9308}.Debug|Any CPU.ActiveCfg = Debug|Any CPU
		{CD03B422-202B-4F27-A081-E2D8FB5D9308}.Debug|Any CPU.Build.0 = Debug|Any CPU
		{CD03B422-202B-4F27-A081-E2D8FB5D9308}.Release|Any CPU.ActiveCfg = Release|Any CPU
		{CD03B422-202B-4F27-A081-E2D8FB5D9308}.Release|Any CPU.Build.0 = Release|Any CPU
		{990DEA1A-EB8B-40A1-B8B6-67AA67B252FF}.Debug|Any CPU.ActiveCfg = Debug|Any CPU
		{990DEA1A-EB8B-40A1-B8B6-67AA67B252FF}.Debug|Any CPU.Build.0 = Debug|Any CPU
		{990DEA1A-EB8B-40A1-B8B6-67AA67B252FF}.Release|Any CPU.ActiveCfg = Release|Any CPU
		{990DEA1A-EB8B-40A1-B8B6-67AA67B252FF}.Release|Any CPU.Build.0 = Release|Any CPU
		{FC950AC9-820A-4457-B6AF-11D4E8CD036D}.Debug|Any CPU.ActiveCfg = Debug|Any CPU
		{FC950AC9-820A-4457-B6AF-11D4E8CD036D}.Debug|Any CPU.Build.0 = Debug|Any CPU
		{FC950AC9-820A-4457-B6AF-11D4E8CD036D}.Release|Any CPU.ActiveCfg = Release|Any CPU
		{FC950AC9-820A-4457-B6AF-11D4E8CD036D}.Release|Any CPU.Build.0 = Release|Any CPU
		{2E818BA7-30BB-4A12-A1B9-A7323429DB89}.Debug|Any CPU.ActiveCfg = Debug|Any CPU
		{2E818BA7-30BB-4A12-A1B9-A7323429DB89}.Debug|Any CPU.Build.0 = Debug|Any CPU
		{2E818BA7-30BB-4A12-A1B9-A7323429DB89}.Release|Any CPU.ActiveCfg = Release|Any CPU
		{2E818BA7-30BB-4A12-A1B9-A7323429DB89}.Release|Any CPU.Build.0 = Release|Any CPU
		{242EB398-3AFA-4F0B-A5EC-7C94962B22B9}.Debug|Any CPU.ActiveCfg = Debug|Any CPU
		{242EB398-3AFA-4F0B-A5EC-7C94962B22B9}.Debug|Any CPU.Build.0 = Debug|Any CPU
		{242EB398-3AFA-4F0B-A5EC-7C94962B22B9}.Release|Any CPU.ActiveCfg = Release|Any CPU
		{242EB398-3AFA-4F0B-A5EC-7C94962B22B9}.Release|Any CPU.Build.0 = Release|Any CPU
		{2966071D-013E-40FC-B887-EB13479CE6B1}.Debug|Any CPU.ActiveCfg = Debug|Any CPU
		{2966071D-013E-40FC-B887-EB13479CE6B1}.Debug|Any CPU.Build.0 = Debug|Any CPU
		{2966071D-013E-40FC-B887-EB13479CE6B1}.Release|Any CPU.ActiveCfg = Release|Any CPU
		{2966071D-013E-40FC-B887-EB13479CE6B1}.Release|Any CPU.Build.0 = Release|Any CPU
		{C1CAF759-D09D-4FB4-A8BE-CC3CF8F9BC35}.Debug|Any CPU.ActiveCfg = Debug|Any CPU
		{C1CAF759-D09D-4FB4-A8BE-CC3CF8F9BC35}.Debug|Any CPU.Build.0 = Debug|Any CPU
		{C1CAF759-D09D-4FB4-A8BE-CC3CF8F9BC35}.Release|Any CPU.ActiveCfg = Release|Any CPU
		{C1CAF759-D09D-4FB4-A8BE-CC3CF8F9BC35}.Release|Any CPU.Build.0 = Release|Any CPU
		{CBA9E18A-8963-48AE-8909-0D2BD41349F7}.Debug|Any CPU.ActiveCfg = Debug|Any CPU
		{CBA9E18A-8963-48AE-8909-0D2BD41349F7}.Debug|Any CPU.Build.0 = Debug|Any CPU
		{CBA9E18A-8963-48AE-8909-0D2BD41349F7}.Release|Any CPU.ActiveCfg = Release|Any CPU
		{CBA9E18A-8963-48AE-8909-0D2BD41349F7}.Release|Any CPU.Build.0 = Release|Any CPU
		{C8A6035E-F2CC-4F8C-865F-6929C355FA75}.Debug|Any CPU.ActiveCfg = Debug|Any CPU
		{C8A6035E-F2CC-4F8C-865F-6929C355FA75}.Debug|Any CPU.Build.0 = Debug|Any CPU
		{C8A6035E-F2CC-4F8C-865F-6929C355FA75}.Release|Any CPU.ActiveCfg = Release|Any CPU
		{C8A6035E-F2CC-4F8C-865F-6929C355FA75}.Release|Any CPU.Build.0 = Release|Any CPU
		{F96F564F-E94B-4EDB-B14A-049DD3724F73}.Debug|Any CPU.ActiveCfg = Debug|Any CPU
		{F96F564F-E94B-4EDB-B14A-049DD3724F73}.Debug|Any CPU.Build.0 = Debug|Any CPU
		{F96F564F-E94B-4EDB-B14A-049DD3724F73}.Release|Any CPU.ActiveCfg = Release|Any CPU
		{F96F564F-E94B-4EDB-B14A-049DD3724F73}.Release|Any CPU.Build.0 = Release|Any CPU
		{7BC9ADE5-C4A2-41A6-9BF7-6D9FC8BB6B2E}.Debug|Any CPU.ActiveCfg = Debug|Any CPU
		{7BC9ADE5-C4A2-41A6-9BF7-6D9FC8BB6B2E}.Debug|Any CPU.Build.0 = Debug|Any CPU
		{7BC9ADE5-C4A2-41A6-9BF7-6D9FC8BB6B2E}.Release|Any CPU.ActiveCfg = Release|Any CPU
		{7BC9ADE5-C4A2-41A6-9BF7-6D9FC8BB6B2E}.Release|Any CPU.Build.0 = Release|Any CPU
		{D535E2E7-DE7A-48B9-8FDA-2428F655111E}.Debug|Any CPU.ActiveCfg = Debug|Any CPU
		{D535E2E7-DE7A-48B9-8FDA-2428F655111E}.Debug|Any CPU.Build.0 = Debug|Any CPU
		{D535E2E7-DE7A-48B9-8FDA-2428F655111E}.Release|Any CPU.ActiveCfg = Release|Any CPU
		{D535E2E7-DE7A-48B9-8FDA-2428F655111E}.Release|Any CPU.Build.0 = Release|Any CPU
		{BD1A7215-AF86-4EB3-837D-02B81DD28CFB}.Debug|Any CPU.ActiveCfg = Debug|Any CPU
		{BD1A7215-AF86-4EB3-837D-02B81DD28CFB}.Debug|Any CPU.Build.0 = Debug|Any CPU
		{BD1A7215-AF86-4EB3-837D-02B81DD28CFB}.Release|Any CPU.ActiveCfg = Release|Any CPU
		{BD1A7215-AF86-4EB3-837D-02B81DD28CFB}.Release|Any CPU.Build.0 = Release|Any CPU
		{95FC96CA-1964-49DC-A51E-48A6163BE2F7}.Debug|Any CPU.ActiveCfg = Debug|Any CPU
		{95FC96CA-1964-49DC-A51E-48A6163BE2F7}.Debug|Any CPU.Build.0 = Debug|Any CPU
		{95FC96CA-1964-49DC-A51E-48A6163BE2F7}.Release|Any CPU.ActiveCfg = Release|Any CPU
		{95FC96CA-1964-49DC-A51E-48A6163BE2F7}.Release|Any CPU.Build.0 = Release|Any CPU
		{95C72EDA-BFD3-4267-8AAD-F0D8C7FDE4AD}.Debug|Any CPU.ActiveCfg = Debug|Any CPU
		{95C72EDA-BFD3-4267-8AAD-F0D8C7FDE4AD}.Debug|Any CPU.Build.0 = Debug|Any CPU
		{95C72EDA-BFD3-4267-8AAD-F0D8C7FDE4AD}.Release|Any CPU.ActiveCfg = Release|Any CPU
		{95C72EDA-BFD3-4267-8AAD-F0D8C7FDE4AD}.Release|Any CPU.Build.0 = Release|Any CPU
	EndGlobalSection
	GlobalSection(SolutionProperties) = preSolution
		HideSolutionNode = FALSE
	EndGlobalSection
	GlobalSection(NestedProjects) = preSolution
		{7E2DD442-A144-4F9E-AD88-E35F61FE3854} = {972A798B-3856-4357-A82B-5C1BDE7E33CE}
		{84F7A8F8-64FC-42F4-B329-69C79804DC18} = {972A798B-3856-4357-A82B-5C1BDE7E33CE}
		{38D95A0F-4BFA-4EC8-AB96-3A752A27A865} = {972A798B-3856-4357-A82B-5C1BDE7E33CE}
		{90D4EE64-CA8B-40E8-BECE-9A5252129D6C} = {972A798B-3856-4357-A82B-5C1BDE7E33CE}
		{1470C4BD-CE11-497C-8DFA-3E0507877040} = {972A798B-3856-4357-A82B-5C1BDE7E33CE}
		{783D1B63-E818-4565-957E-D3BBFF3E7C51} = {A00B878D-BB94-4FCA-BA44-4EDE54041307}
		{EC52141E-20D7-4751-9B90-6D57937BD55D} = {A00B878D-BB94-4FCA-BA44-4EDE54041307}
		{AF37DBA9-D3EB-4AB7-B39D-972F413CDFB0} = {A00B878D-BB94-4FCA-BA44-4EDE54041307}
		{DB607B5F-C79B-445E-A0CD-39DCDB824E79} = {A00B878D-BB94-4FCA-BA44-4EDE54041307}
		{CE860CAC-DAC2-4462-B6E6-3C80840F3866} = {A00B878D-BB94-4FCA-BA44-4EDE54041307}
		{CD03B422-202B-4F27-A081-E2D8FB5D9308} = {CAF50DA9-A6ED-47FB-8813-D051CF2DEFB9}
		{990DEA1A-EB8B-40A1-B8B6-67AA67B252FF} = {CAF50DA9-A6ED-47FB-8813-D051CF2DEFB9}
		{FC950AC9-820A-4457-B6AF-11D4E8CD036D} = {CAF50DA9-A6ED-47FB-8813-D051CF2DEFB9}
		{2E818BA7-30BB-4A12-A1B9-A7323429DB89} = {CAF50DA9-A6ED-47FB-8813-D051CF2DEFB9}
		{242EB398-3AFA-4F0B-A5EC-7C94962B22B9} = {941EC20A-8801-4919-8830-DDDA2FF1761F}
		{2966071D-013E-40FC-B887-EB13479CE6B1} = {941EC20A-8801-4919-8830-DDDA2FF1761F}
		{C1CAF759-D09D-4FB4-A8BE-CC3CF8F9BC35} = {941EC20A-8801-4919-8830-DDDA2FF1761F}
		{CBA9E18A-8963-48AE-8909-0D2BD41349F7} = {941EC20A-8801-4919-8830-DDDA2FF1761F}
		{C8A6035E-F2CC-4F8C-865F-6929C355FA75} = {941EC20A-8801-4919-8830-DDDA2FF1761F}
		{F96F564F-E94B-4EDB-B14A-049DD3724F73} = {941EC20A-8801-4919-8830-DDDA2FF1761F}
		{7BC9ADE5-C4A2-41A6-9BF7-6D9FC8BB6B2E} = {02707B5A-3480-400F-A02C-D66CFC586D47}
		{D535E2E7-DE7A-48B9-8FDA-2428F655111E} = {02707B5A-3480-400F-A02C-D66CFC586D47}
		{BD1A7215-AF86-4EB3-837D-02B81DD28CFB} = {02707B5A-3480-400F-A02C-D66CFC586D47}
		{95FC96CA-1964-49DC-A51E-48A6163BE2F7} = {02707B5A-3480-400F-A02C-D66CFC586D47}
		{95C72EDA-BFD3-4267-8AAD-F0D8C7FDE4AD} = {02707B5A-3480-400F-A02C-D66CFC586D47}
	EndGlobalSection
	GlobalSection(ExtensibilityGlobals) = postSolution
		SolutionGuid = {4E3DCC86-7EC1-40EC-A490-600C92C5CF86}
	EndGlobalSection
EndGlobal
