
Microsoft Visual Studio Solution File, Format Version 12.00
# Visual Studio Version 17
VisualStudioVersion = 17.5.002.0
MinimumVisualStudioVersion = 10.0.40219.1
Project("{2150E333-8FDC-42A3-9474-1A3956D46DE8}") = "Functions", "Functions", "{76BC5898-54A9-4BD1-8681-2F4EC2A5140E}"
EndProject
Project("{9A19103F-16F7-4668-BE54-9A1E7A4F7556}") = "Basics", "Functions\Basics\Basics.csproj", "{221F1717-820D-487B-864A-80ABBF87B176}"
EndProject
Project("{9A19103F-16F7-4668-BE54-9A1E7A4F7556}") = "Params", "Functions\DefaultParams\Params.csproj", "{01987E12-4E04-4EEC-989F-CCF20B9006A0}"
EndProject
Project("{9A19103F-16F7-4668-BE54-9A1E7A4F7556}") = "Ejercicio", "Functions\Ejercicio\Ejercicio.csproj", "{1AB05205-34BC-4DF9-AF7C-3C30335B8A71}"
EndProject
Project("{9A19103F-16F7-4668-BE54-9A1E7A4F7556}") = "MultiValues", "Functions\MultiValues\MultiValues.csproj", "{FE0E23BD-0DCF-497A-AC85-860F6C496FBD}"
EndProject
Project("{9A19103F-16F7-4668-BE54-9A1E7A4F7556}") = "RefAndOut", "Functions\RefAndOutParams\RefAndOut.csproj", "{650E707A-0070-4B8A-9689-5A7A99B151F4}"
EndProject
Project("{2150E333-8FDC-42A3-9474-1A3956D46DE8}") = "Overview", "Overview", "{A11DE91F-C605-4973-B6CF-A0428AE1B79B}"
EndProject
Project("{9A19103F-16F7-4668-BE54-9A1E7A4F7556}") = "Comments", "Overview\Comments\Comments.csproj", "{84309E90-B591-484B-AFCE-E3427DCC56DB}"
EndProject
Project("{9A19103F-16F7-4668-BE54-9A1E7A4F7556}") = "HelloWorld", "Overview\HelloWorld\HelloWorld.csproj", "{6CFC1011-8B93-45EA-89CC-2E616EF76BBB}"
EndProject
Project("{9A19103F-16F7-4668-BE54-9A1E7A4F7556}") = "Operators", "Overview\Operators\Operators.csproj", "{E0EB2ADE-C543-4947-9746-3513280E9D70}"
EndProject
Project("{9A19103F-16F7-4668-BE54-9A1E7A4F7556}") = "VarsAndData", "Overview\VarsAndData\VarsAndData.csproj", "{37236DEB-F453-4AED-8442-01BD424D65E9}"
EndProject
Project("{2150E333-8FDC-42A3-9474-1A3956D46DE8}") = "Program FLow", "Program FLow", "{E32AF4CC-06DD-4349-A9B7-F63D5C14DA07}"
EndProject
Project("{9A19103F-16F7-4668-BE54-9A1E7A4F7556}") = "BreakContinue", "Program FLow\BreakContinue\BreakContinue.csproj", "{9EE5D752-7F7D-45B6-B071-156DECD918DC}"
EndProject
Project("{9A19103F-16F7-4668-BE54-9A1E7A4F7556}") = "Conditionals", "Program FLow\Conditional-if\Conditionals.csproj", "{B438965F-11CA-4A6F-94DA-0C0D13F655F4}"
EndProject
Project("{9A19103F-16F7-4668-BE54-9A1E7A4F7556}") = "ConditionalOps", "Program FLow\Conditional-switch\ConditionalOps.csproj", "{0A50FB23-09FA-4954-9BD9-D08C0D67F179}"
EndProject
Project("{9A19103F-16F7-4668-BE54-9A1E7A4F7556}") = "Exceptions", "Program FLow\Exceptions\Exceptions.csproj", "{9203BA25-5C96-4CD1-8941-C7A8A9AD67D4}"
EndProject
Project("{9A19103F-16F7-4668-BE54-9A1E7A4F7556}") = "ForLoops", "Program FLow\ForLoops\ForLoops.csproj", "{F0FB5DCC-945C-4DC2-A6A2-8C4C2C7DDA74}"
EndProject
Project("{9A19103F-16F7-4668-BE54-9A1E7A4F7556}") = "WhileLoops", "Program FLow\WhileLoops\WhileLoops.csproj", "{F2E5F994-534F-43E4-9F9B-D8FA92DC0105}"
EndProject
Project("{2150E333-8FDC-42A3-9474-1A3956D46DE8}") = "Strings", "Strings", "{27EB4C90-783E-40C7-ACC9-037FEF1E9E90}"
EndProject
Project("{9A19103F-16F7-4668-BE54-9A1E7A4F7556}") = "Builder", "Strings\Builder\Builder.csproj", "{7247962A-A07A-4E9F-AF37-1818A1811F56}"
EndProject
Project("{9A19103F-16F7-4668-BE54-9A1E7A4F7556}") = "Formatting", "Strings\Formatting\Formatting.csproj", "{F28909E8-A9E2-40EB-9C9D-2108D2C0BFB5}"
EndProject
Project("{9A19103F-16F7-4668-BE54-9A1E7A4F7556}") = "Strings", "Strings\Interpolation\Strings.csproj", "{0E66D484-C1F6-43C8-BEB6-AD59C0520C2B}"
EndProject
Project("{9A19103F-16F7-4668-BE54-9A1E7A4F7556}") = "Operations", "Strings\Operations\Operations.csproj", "{1963FA49-BE96-4233-ACD7-8622AF00F686}"
EndProject
Project("{9A19103F-16F7-4668-BE54-9A1E7A4F7556}") = "Parsing", "Strings\Parsing\Parsing.csproj", "{38F7DAF7-0BA3-4C8A-98E6-DA77FE883574}"
EndProject
Global
	GlobalSection(SolutionConfigurationPlatforms) = preSolution
		Debug|Any CPU = Debug|Any CPU
		Release|Any CPU = Release|Any CPU
	EndGlobalSection
	GlobalSection(ProjectConfigurationPlatforms) = postSolution
		{221F1717-820D-487B-864A-80ABBF87B176}.Debug|Any CPU.ActiveCfg = Debug|Any CPU
		{221F1717-820D-487B-864A-80ABBF87B176}.Debug|Any CPU.Build.0 = Debug|Any CPU
		{221F1717-820D-487B-864A-80ABBF87B176}.Release|Any CPU.ActiveCfg = Release|Any CPU
		{221F1717-820D-487B-864A-80ABBF87B176}.Release|Any CPU.Build.0 = Release|Any CPU
		{01987E12-4E04-4EEC-989F-CCF20B9006A0}.Debug|Any CPU.ActiveCfg = Debug|Any CPU
		{01987E12-4E04-4EEC-989F-CCF20B9006A0}.Debug|Any CPU.Build.0 = Debug|Any CPU
		{01987E12-4E04-4EEC-989F-CCF20B9006A0}.Release|Any CPU.ActiveCfg = Release|Any CPU
		{01987E12-4E04-4EEC-989F-CCF20B9006A0}.Release|Any CPU.Build.0 = Release|Any CPU
		{1AB05205-34BC-4DF9-AF7C-3C30335B8A71}.Debug|Any CPU.ActiveCfg = Debug|Any CPU
		{1AB05205-34BC-4DF9-AF7C-3C30335B8A71}.Debug|Any CPU.Build.0 = Debug|Any CPU
		{1AB05205-34BC-4DF9-AF7C-3C30335B8A71}.Release|Any CPU.ActiveCfg = Release|Any CPU
		{1AB05205-34BC-4DF9-AF7C-3C30335B8A71}.Release|Any CPU.Build.0 = Release|Any CPU
		{FE0E23BD-0DCF-497A-AC85-860F6C496FBD}.Debug|Any CPU.ActiveCfg = Debug|Any CPU
		{FE0E23BD-0DCF-497A-AC85-860F6C496FBD}.Debug|Any CPU.Build.0 = Debug|Any CPU
		{FE0E23BD-0DCF-497A-AC85-860F6C496FBD}.Release|Any CPU.ActiveCfg = Release|Any CPU
		{FE0E23BD-0DCF-497A-AC85-860F6C496FBD}.Release|Any CPU.Build.0 = Release|Any CPU
		{650E707A-0070-4B8A-9689-5A7A99B151F4}.Debug|Any CPU.ActiveCfg = Debug|Any CPU
		{650E707A-0070-4B8A-9689-5A7A99B151F4}.Debug|Any CPU.Build.0 = Debug|Any CPU
		{650E707A-0070-4B8A-9689-5A7A99B151F4}.Release|Any CPU.ActiveCfg = Release|Any CPU
		{650E707A-0070-4B8A-9689-5A7A99B151F4}.Release|Any CPU.Build.0 = Release|Any CPU
		{84309E90-B591-484B-AFCE-E3427DCC56DB}.Debug|Any CPU.ActiveCfg = Debug|Any CPU
		{84309E90-B591-484B-AFCE-E3427DCC56DB}.Debug|Any CPU.Build.0 = Debug|Any CPU
		{84309E90-B591-484B-AFCE-E3427DCC56DB}.Release|Any CPU.ActiveCfg = Release|Any CPU
		{84309E90-B591-484B-AFCE-E3427DCC56DB}.Release|Any CPU.Build.0 = Release|Any CPU
		{6CFC1011-8B93-45EA-89CC-2E616EF76BBB}.Debug|Any CPU.ActiveCfg = Debug|Any CPU
		{6CFC1011-8B93-45EA-89CC-2E616EF76BBB}.Debug|Any CPU.Build.0 = Debug|Any CPU
		{6CFC1011-8B93-45EA-89CC-2E616EF76BBB}.Release|Any CPU.ActiveCfg = Release|Any CPU
		{6CFC1011-8B93-45EA-89CC-2E616EF76BBB}.Release|Any CPU.Build.0 = Release|Any CPU
		{E0EB2ADE-C543-4947-9746-3513280E9D70}.Debug|Any CPU.ActiveCfg = Debug|Any CPU
		{E0EB2ADE-C543-4947-9746-3513280E9D70}.Debug|Any CPU.Build.0 = Debug|Any CPU
		{E0EB2ADE-C543-4947-9746-3513280E9D70}.Release|Any CPU.ActiveCfg = Release|Any CPU
		{E0EB2ADE-C543-4947-9746-3513280E9D70}.Release|Any CPU.Build.0 = Release|Any CPU
		{37236DEB-F453-4AED-8442-01BD424D65E9}.Debug|Any CPU.ActiveCfg = Debug|Any CPU
		{37236DEB-F453-4AED-8442-01BD424D65E9}.Debug|Any CPU.Build.0 = Debug|Any CPU
		{37236DEB-F453-4AED-8442-01BD424D65E9}.Release|Any CPU.ActiveCfg = Release|Any CPU
		{37236DEB-F453-4AED-8442-01BD424D65E9}.Release|Any CPU.Build.0 = Release|Any CPU
		{9EE5D752-7F7D-45B6-B071-156DECD918DC}.Debug|Any CPU.ActiveCfg = Debug|Any CPU
		{9EE5D752-7F7D-45B6-B071-156DECD918DC}.Debug|Any CPU.Build.0 = Debug|Any CPU
		{9EE5D752-7F7D-45B6-B071-156DECD918DC}.Release|Any CPU.ActiveCfg = Release|Any CPU
		{9EE5D752-7F7D-45B6-B071-156DECD918DC}.Release|Any CPU.Build.0 = Release|Any CPU
		{B438965F-11CA-4A6F-94DA-0C0D13F655F4}.Debug|Any CPU.ActiveCfg = Debug|Any CPU
		{B438965F-11CA-4A6F-94DA-0C0D13F655F4}.Debug|Any CPU.Build.0 = Debug|Any CPU
		{B438965F-11CA-4A6F-94DA-0C0D13F655F4}.Release|Any CPU.ActiveCfg = Release|Any CPU
		{B438965F-11CA-4A6F-94DA-0C0D13F655F4}.Release|Any CPU.Build.0 = Release|Any CPU
		{0A50FB23-09FA-4954-9BD9-D08C0D67F179}.Debug|Any CPU.ActiveCfg = Debug|Any CPU
		{0A50FB23-09FA-4954-9BD9-D08C0D67F179}.Debug|Any CPU.Build.0 = Debug|Any CPU
		{0A50FB23-09FA-4954-9BD9-D08C0D67F179}.Release|Any CPU.ActiveCfg = Release|Any CPU
		{0A50FB23-09FA-4954-9BD9-D08C0D67F179}.Release|Any CPU.Build.0 = Release|Any CPU
		{9203BA25-5C96-4CD1-8941-C7A8A9AD67D4}.Debug|Any CPU.ActiveCfg = Debug|Any CPU
		{9203BA25-5C96-4CD1-8941-C7A8A9AD67D4}.Debug|Any CPU.Build.0 = Debug|Any CPU
		{9203BA25-5C96-4CD1-8941-C7A8A9AD67D4}.Release|Any CPU.ActiveCfg = Release|Any CPU
		{9203BA25-5C96-4CD1-8941-C7A8A9AD67D4}.Release|Any CPU.Build.0 = Release|Any CPU
		{F0FB5DCC-945C-4DC2-A6A2-8C4C2C7DDA74}.Debug|Any CPU.ActiveCfg = Debug|Any CPU
		{F0FB5DCC-945C-4DC2-A6A2-8C4C2C7DDA74}.Debug|Any CPU.Build.0 = Debug|Any CPU
		{F0FB5DCC-945C-4DC2-A6A2-8C4C2C7DDA74}.Release|Any CPU.ActiveCfg = Release|Any CPU
		{F0FB5DCC-945C-4DC2-A6A2-8C4C2C7DDA74}.Release|Any CPU.Build.0 = Release|Any CPU
		{F2E5F994-534F-43E4-9F9B-D8FA92DC0105}.Debug|Any CPU.ActiveCfg = Debug|Any CPU
		{F2E5F994-534F-43E4-9F9B-D8FA92DC0105}.Debug|Any CPU.Build.0 = Debug|Any CPU
		{F2E5F994-534F-43E4-9F9B-D8FA92DC0105}.Release|Any CPU.ActiveCfg = Release|Any CPU
		{F2E5F994-534F-43E4-9F9B-D8FA92DC0105}.Release|Any CPU.Build.0 = Release|Any CPU
		{7247962A-A07A-4E9F-AF37-1818A1811F56}.Debug|Any CPU.ActiveCfg = Debug|Any CPU
		{7247962A-A07A-4E9F-AF37-1818A1811F56}.Debug|Any CPU.Build.0 = Debug|Any CPU
		{7247962A-A07A-4E9F-AF37-1818A1811F56}.Release|Any CPU.ActiveCfg = Release|Any CPU
		{7247962A-A07A-4E9F-AF37-1818A1811F56}.Release|Any CPU.Build.0 = Release|Any CPU
		{F28909E8-A9E2-40EB-9C9D-2108D2C0BFB5}.Debug|Any CPU.ActiveCfg = Debug|Any CPU
		{F28909E8-A9E2-40EB-9C9D-2108D2C0BFB5}.Debug|Any CPU.Build.0 = Debug|Any CPU
		{F28909E8-A9E2-40EB-9C9D-2108D2C0BFB5}.Release|Any CPU.ActiveCfg = Release|Any CPU
		{F28909E8-A9E2-40EB-9C9D-2108D2C0BFB5}.Release|Any CPU.Build.0 = Release|Any CPU
		{0E66D484-C1F6-43C8-BEB6-AD59C0520C2B}.Debug|Any CPU.ActiveCfg = Debug|Any CPU
		{0E66D484-C1F6-43C8-BEB6-AD59C0520C2B}.Debug|Any CPU.Build.0 = Debug|Any CPU
		{0E66D484-C1F6-43C8-BEB6-AD59C0520C2B}.Release|Any CPU.ActiveCfg = Release|Any CPU
		{0E66D484-C1F6-43C8-BEB6-AD59C0520C2B}.Release|Any CPU.Build.0 = Release|Any CPU
		{1963FA49-BE96-4233-ACD7-8622AF00F686}.Debug|Any CPU.ActiveCfg = Debug|Any CPU
		{1963FA49-BE96-4233-ACD7-8622AF00F686}.Debug|Any CPU.Build.0 = Debug|Any CPU
		{1963FA49-BE96-4233-ACD7-8622AF00F686}.Release|Any CPU.ActiveCfg = Release|Any CPU
		{1963FA49-BE96-4233-ACD7-8622AF00F686}.Release|Any CPU.Build.0 = Release|Any CPU
		{38F7DAF7-0BA3-4C8A-98E6-DA77FE883574}.Debug|Any CPU.ActiveCfg = Debug|Any CPU
		{38F7DAF7-0BA3-4C8A-98E6-DA77FE883574}.Debug|Any CPU.Build.0 = Debug|Any CPU
		{38F7DAF7-0BA3-4C8A-98E6-DA77FE883574}.Release|Any CPU.ActiveCfg = Release|Any CPU
		{38F7DAF7-0BA3-4C8A-98E6-DA77FE883574}.Release|Any CPU.Build.0 = Release|Any CPU
	EndGlobalSection
	GlobalSection(SolutionProperties) = preSolution
		HideSolutionNode = FALSE
	EndGlobalSection
	GlobalSection(NestedProjects) = preSolution
		{221F1717-820D-487B-864A-80ABBF87B176} = {76BC5898-54A9-4BD1-8681-2F4EC2A5140E}
		{01987E12-4E04-4EEC-989F-CCF20B9006A0} = {76BC5898-54A9-4BD1-8681-2F4EC2A5140E}
		{1AB05205-34BC-4DF9-AF7C-3C30335B8A71} = {76BC5898-54A9-4BD1-8681-2F4EC2A5140E}
		{FE0E23BD-0DCF-497A-AC85-860F6C496FBD} = {76BC5898-54A9-4BD1-8681-2F4EC2A5140E}
		{650E707A-0070-4B8A-9689-5A7A99B151F4} = {76BC5898-54A9-4BD1-8681-2F4EC2A5140E}
		{84309E90-B591-484B-AFCE-E3427DCC56DB} = {A11DE91F-C605-4973-B6CF-A0428AE1B79B}
		{6CFC1011-8B93-45EA-89CC-2E616EF76BBB} = {A11DE91F-C605-4973-B6CF-A0428AE1B79B}
		{E0EB2ADE-C543-4947-9746-3513280E9D70} = {A11DE91F-C605-4973-B6CF-A0428AE1B79B}
		{37236DEB-F453-4AED-8442-01BD424D65E9} = {A11DE91F-C605-4973-B6CF-A0428AE1B79B}
		{9EE5D752-7F7D-45B6-B071-156DECD918DC} = {E32AF4CC-06DD-4349-A9B7-F63D5C14DA07}
		{B438965F-11CA-4A6F-94DA-0C0D13F655F4} = {E32AF4CC-06DD-4349-A9B7-F63D5C14DA07}
		{0A50FB23-09FA-4954-9BD9-D08C0D67F179} = {E32AF4CC-06DD-4349-A9B7-F63D5C14DA07}
		{9203BA25-5C96-4CD1-8941-C7A8A9AD67D4} = {E32AF4CC-06DD-4349-A9B7-F63D5C14DA07}
		{F0FB5DCC-945C-4DC2-A6A2-8C4C2C7DDA74} = {E32AF4CC-06DD-4349-A9B7-F63D5C14DA07}
		{F2E5F994-534F-43E4-9F9B-D8FA92DC0105} = {E32AF4CC-06DD-4349-A9B7-F63D5C14DA07}
		{7247962A-A07A-4E9F-AF37-1818A1811F56} = {27EB4C90-783E-40C7-ACC9-037FEF1E9E90}
		{F28909E8-A9E2-40EB-9C9D-2108D2C0BFB5} = {27EB4C90-783E-40C7-ACC9-037FEF1E9E90}
		{0E66D484-C1F6-43C8-BEB6-AD59C0520C2B} = {27EB4C90-783E-40C7-ACC9-037FEF1E9E90}
		{1963FA49-BE96-4233-ACD7-8622AF00F686} = {27EB4C90-783E-40C7-ACC9-037FEF1E9E90}
		{38F7DAF7-0BA3-4C8A-98E6-DA77FE883574} = {27EB4C90-783E-40C7-ACC9-037FEF1E9E90}
	EndGlobalSection
	GlobalSection(ExtensibilityGlobals) = postSolution
		SolutionGuid = {56081D74-3C2E-4BEB-ADBB-6E40238E21A1}
	EndGlobalSection
EndGlobal
